
Microsoft Visual Studio Solution File, Format Version 12.00
# Visual Studio Version 17
VisualStudioVersion = 17.5.33530.505
MinimumVisualStudioVersion = 10.0.40219.1
Project("{FAE04EC0-301F-11D3-BF4B-00C04F79EFBC}") = "Othello-for-three-players", "Othello-for-three-players.csproj", "{90EDE2F5-641E-41F0-A235-284A19A21FA1}"
EndProject
Global
	GlobalSection(SolutionConfigurationPlatforms) = preSolution
		Debug|Any CPU = Debug|Any CPU
		Release|Any CPU = Release|Any CPU
	EndGlobalSection
	GlobalSection(ProjectConfigurationPlatforms) = postSolution
		{90EDE2F5-641E-41F0-A235-284A19A21FA1}.Debug|Any CPU.ActiveCfg = Debug|Any CPU
		{90EDE2F5-641E-41F0-A235-284A19A21FA1}.Debug|Any CPU.Build.0 = Debug|Any CPU
		{90EDE2F5-641E-41F0-A235-284A19A21FA1}.Release|Any CPU.ActiveCfg = Release|Any CPU
		{90EDE2F5-641E-41F0-A235-284A19A21FA1}.Release|Any CPU.Build.0 = Release|Any CPU
	EndGlobalSection
	GlobalSection(SolutionProperties) = preSolution
		HideSolutionNode = FALSE
	EndGlobalSection
	GlobalSection(ExtensibilityGlobals) = postSolution
		SolutionGuid = {9849186E-E1FE-4C2F-A151-62316B1AE7DD}
	EndGlobalSection
EndGlobal
